Microsoft Visual Studio Solution File, Format Version 11.00
# Visual Studio 2008

Project("{E9906D29-2F8C-4A21-53F7-949558CB2F98}") = "Śmieciarka", "Assembly-CSharp.csproj", "{1F2A1F9A-8ED9-A83A-41F0-37F8D56C58B7}"
EndProject
Project("{E9906D29-2F8C-4A21-53F7-949558CB2F98}") = "Śmieciarka", "Assembly-CSharp-Editor.csproj", "{BF8809DB-817F-5F55-7C99-12A52043B80B}"
EndProject
Global
	GlobalSection(SolutionConfigurationPlatforms) = preSolution
		Debug|Any CPU = Debug|Any CPU
		Release|Any CPU = Release|Any CPU
	EndGlobalSection
	GlobalSection(ProjectConfigurationPlatforms) = postSolution
		{1F2A1F9A-8ED9-A83A-41F0-37F8D56C58B7}.Debug|Any CPU.ActiveCfg = Debug|Any CPU
		{1F2A1F9A-8ED9-A83A-41F0-37F8D56C58B7}.Debug|Any CPU.Build.0 = Debug|Any CPU
		{1F2A1F9A-8ED9-A83A-41F0-37F8D56C58B7}.Release|Any CPU.ActiveCfg = Release|Any CPU
		{1F2A1F9A-8ED9-A83A-41F0-37F8D56C58B7}.Release|Any CPU.Build.0 = Release|Any CPU
		{BF8809DB-817F-5F55-7C99-12A52043B80B}.Debug|Any CPU.ActiveCfg = Debug|Any CPU
		{BF8809DB-817F-5F55-7C99-12A52043B80B}.Debug|Any CPU.Build.0 = Debug|Any CPU
		{BF8809DB-817F-5F55-7C99-12A52043B80B}.Release|Any CPU.ActiveCfg = Release|Any CPU
		{BF8809DB-817F-5F55-7C99-12A52043B80B}.Release|Any CPU.Build.0 = Release|Any CPU
	EndGlobalSection
	GlobalSection(SolutionProperties) = preSolution
		HideSolutionNode = FALSE
	EndGlobalSection
	GlobalSection(MonoDevelopProperties) = preSolution
		StartupItem = Assembly-CSharp.csproj
	EndGlobalSection
EndGlobal
